
Microsoft Visual Studio Solution File, Format Version 12.00
# Visual Studio 15
VisualStudioVersion = 15.0.28010.2003
MinimumVisualStudioVersion = 10.0.40219.1
Project("{FAE04EC0-301F-11D3-BF4B-00C04F79EFBC}") = "Day01", "Day01\Day01.csproj", "{4FCA3C4A-86D4-4E97-9D30-DEF1458D0931}"
EndProject
Project("{FAE04EC0-301F-11D3-BF4B-00C04F79EFBC}") = "Util", "Util\Util.csproj", "{6553D1D6-42AC-44BA-8058-46E042919518}"
EndProject
Project("{FAE04EC0-301F-11D3-BF4B-00C04F79EFBC}") = "Day02", "Day02\Day02.csproj", "{A4694345-E205-4588-AE0F-62CFA8F56826}"
EndProject
Project("{FAE04EC0-301F-11D3-BF4B-00C04F79EFBC}") = "Day03", "Day03\Day03.csproj", "{273C6BD7-B3BA-44CA-9B8E-C890B5605A4E}"
EndProject
Project("{FAE04EC0-301F-11D3-BF4B-00C04F79EFBC}") = "Day04", "Day04\Day04.csproj", "{E7D528C7-54C3-4839-ABED-3CE3CA7B530D}"
EndProject
Global
	GlobalSection(SolutionConfigurationPlatforms) = preSolution
		Debug|Any CPU = Debug|Any CPU
		Release|Any CPU = Release|Any CPU
	EndGlobalSection
	GlobalSection(ProjectConfigurationPlatforms) = postSolution
		{4FCA3C4A-86D4-4E97-9D30-DEF1458D0931}.Debug|Any CPU.ActiveCfg = Debug|Any CPU
		{4FCA3C4A-86D4-4E97-9D30-DEF1458D0931}.Debug|Any CPU.Build.0 = Debug|Any CPU
		{4FCA3C4A-86D4-4E97-9D30-DEF1458D0931}.Release|Any CPU.ActiveCfg = Release|Any CPU
		{4FCA3C4A-86D4-4E97-9D30-DEF1458D0931}.Release|Any CPU.Build.0 = Release|Any CPU
		{6553D1D6-42AC-44BA-8058-46E042919518}.Debug|Any CPU.ActiveCfg = Debug|Any CPU
		{6553D1D6-42AC-44BA-8058-46E042919518}.Debug|Any CPU.Build.0 = Debug|Any CPU
		{6553D1D6-42AC-44BA-8058-46E042919518}.Release|Any CPU.ActiveCfg = Release|Any CPU
		{6553D1D6-42AC-44BA-8058-46E042919518}.Release|Any CPU.Build.0 = Release|Any CPU
		{A4694345-E205-4588-AE0F-62CFA8F56826}.Debug|Any CPU.ActiveCfg = Debug|Any CPU
		{A4694345-E205-4588-AE0F-62CFA8F56826}.Debug|Any CPU.Build.0 = Debug|Any CPU
		{A4694345-E205-4588-AE0F-62CFA8F56826}.Release|Any CPU.ActiveCfg = Release|Any CPU
		{A4694345-E205-4588-AE0F-62CFA8F56826}.Release|Any CPU.Build.0 = Release|Any CPU
		{273C6BD7-B3BA-44CA-9B8E-C890B5605A4E}.Debug|Any CPU.ActiveCfg = Debug|Any CPU
		{273C6BD7-B3BA-44CA-9B8E-C890B5605A4E}.Debug|Any CPU.Build.0 = Debug|Any CPU
		{273C6BD7-B3BA-44CA-9B8E-C890B5605A4E}.Release|Any CPU.ActiveCfg = Release|Any CPU
		{273C6BD7-B3BA-44CA-9B8E-C890B5605A4E}.Release|Any CPU.Build.0 = Release|Any CPU
		{E7D528C7-54C3-4839-ABED-3CE3CA7B530D}.Debug|Any CPU.ActiveCfg = Debug|Any CPU
		{E7D528C7-54C3-4839-ABED-3CE3CA7B530D}.Debug|Any CPU.Build.0 = Debug|Any CPU
		{E7D528C7-54C3-4839-ABED-3CE3CA7B530D}.Release|Any CPU.ActiveCfg = Release|Any CPU
		{E7D528C7-54C3-4839-ABED-3CE3CA7B530D}.Release|Any CPU.Build.0 = Release|Any CPU
	EndGlobalSection
	GlobalSection(SolutionProperties) = preSolution
		HideSolutionNode = FALSE
	EndGlobalSection
	GlobalSection(ExtensibilityGlobals) = postSolution
		SolutionGuid = {E177EB23-CD54-468D-9740-B1AF59C3066B}
	EndGlobalSection
EndGlobal
